{
  "name": "lhv3",
  "lockfileVersion": 2,
  "requires": true,
  "packages": {
    "": {
      "dependencies": {
        "react-monaco-editor": "^0.58.0"
      }
    },
    "node_modules/monaco-editor": {
      "version": "0.52.2",
      "resolved": "https://registry.npmmirror.com/monaco-editor/-/monaco-editor-0.52.2.tgz",
      "integrity": "sha512-GEQWEZmfkOGLdd3XK8ryrfWz3AIP8YymVXiPHEdewrUq7mh0qrKrfHLNCXcbB6sTnMLnOZ3ztSiKcciFUkIJwQ==",
      "peer": true
    },
    "node_modules/react": {
      "version": "19.1.0",
      "resolved": "https://registry.npmmirror.com/react/-/react-19.1.0.tgz",
      "integrity": "sha512-FS+XFBNvn3GTAWq26joslQgWNoFu08F4kl0J4CgdNKADkdSGXQyTCnKteIAJy96Br6YbpEU1LSzV5dYtjMkMDg==",
      "peer": true,
      "engines": {
        "node": ">=0.10.0"
      }
    },
    "node_modules/react-dom": {
      "version": "19.1.0",
      "resolved": "https://registry.npmmirror.com/react-dom/-/react-dom-19.1.0.tgz",
      "integrity": "sha512-Xs1hdnE+DyKgeHJeJznQmYMIBG3TKIHJJT95Q58nHLSrElKlGQqDTR2HQ9fx5CN/Gk6Vh/kupBTDLU11/nDk/g==",
      "peer": true,
      "dependencies": {
        "scheduler": "^0.26.0"
      },
      "peerDependencies": {
        "react": "^19.1.0"
      }
    },
    "node_modules/react-monaco-editor": {
      "version": "0.58.0",
      "resolved": "https://registry.npmmirror.com/react-monaco-editor/-/react-monaco-editor-0.58.0.tgz",
      "integrity": "sha512-e8JH0TQEzO96Wd/EXgzc9M9tQK1pxBECD+8GNob9slMURcCM36TiVrgc4topWCDGYxRuMj8IEkaX+s3eQcUUqw==",
      "peerDependencies": {
        "monaco-editor": "^0.52.0",
        "react": ">=16.8.0 <20.0.0",
        "react-dom": ">=16.8.0 <20.0.0"
      }
    },
    "node_modules/scheduler": {
      "version": "0.26.0",
      "resolved": "https://registry.npmmirror.com/scheduler/-/scheduler-0.26.0.tgz",
      "integrity": "sha512-NlHwttCI/l5gCPR3D1nNXtWABUmBwvZpEQiD4IXSbIDq8BzLIK/7Ir5gTFSGZDUu37K5cMNp0hFtzO38sC7gWA==",
      "peer": true
    }
  },
  "dependencies": {
    "monaco-editor": {
      "version": "0.52.2",
      "resolved": "https://registry.npmmirror.com/monaco-editor/-/monaco-editor-0.52.2.tgz",
      "integrity": "sha512-GEQWEZmfkOGLdd3XK8ryrfWz3AIP8YymVXiPHEdewrUq7mh0qrKrfHLNCXcbB6sTnMLnOZ3ztSiKcciFUkIJwQ==",
      "peer": true
    },
    "react": {
      "version": "19.1.0",
      "resolved": "https://registry.npmmirror.com/react/-/react-19.1.0.tgz",
      "integrity": "sha512-FS+XFBNvn3GTAWq26joslQgWNoFu08F4kl0J4CgdNKADkdSGXQyTCnKteIAJy96Br6YbpEU1LSzV5dYtjMkMDg==",
      "peer": true
    },
    "react-dom": {
      "version": "19.1.0",
      "resolved": "https://registry.npmmirror.com/react-dom/-/react-dom-19.1.0.tgz",
      "integrity": "sha512-Xs1hdnE+DyKgeHJeJznQmYMIBG3TKIHJJT95Q58nHLSrElKlGQqDTR2HQ9fx5CN/Gk6Vh/kupBTDLU11/nDk/g==",
      "peer": true,
      "requires": {
        "scheduler": "^0.26.0"
      }
    },
    "react-monaco-editor": {
      "version": "0.58.0",
      "resolved": "https://registry.npmmirror.com/react-monaco-editor/-/react-monaco-editor-0.58.0.tgz",
      "integrity": "sha512-e8JH0TQEzO96Wd/EXgzc9M9tQK1pxBECD+8GNob9slMURcCM36TiVrgc4topWCDGYxRuMj8IEkaX+s3eQcUUqw==",
      "requires": {}
    },
    "scheduler": {
      "version": "0.26.0",
      "resolved": "https://registry.npmmirror.com/scheduler/-/scheduler-0.26.0.tgz",
      "integrity": "sha512-NlHwttCI/l5gCPR3D1nNXtWABUmBwvZpEQiD4IXSbIDq8BzLIK/7Ir5gTFSGZDUu37K5cMNp0hFtzO38sC7gWA==",
      "peer": true
    }
  }
}
